
Microsoft Visual Studio Solution File, Format Version 12.00
# Visual Studio Version 16
VisualStudioVersion = 16.0.31205.134
MinimumVisualStudioVersion = 10.0.40219.1
Project("{FAE04EC0-301F-11D3-BF4B-00C04F79EFBC}") = "RMon.ValuesExportImportService", "RMon.ValuesExportImportService\RMon.ValuesExportImportService.csproj", "{E4906143-F05E-4022-80B1-9B3B9F833867}"
EndProject
Project("{2150E333-8FDC-42A3-9474-1A3956D46DE8}") = "RMon.ValuesExportImportService.UnitTests", "RMon.ValuesExportImportService.UnitTests", "{7A0E7015-06A7-4332-A304-E41135CD89C7}"
EndProject
Project("{FAE04EC0-301F-11D3-BF4B-00C04F79EFBC}") = "RMon.ValuesExportImportService.Debug", "RMon.ValuesExportImportService.UnitTests\RMon.ValuesExportImportService.Debug\RMon.ValuesExportImportService.Debug.csproj", "{A3D28C6E-A4D0-422C-B6AA-6F60C60B5B91}"
EndProject
Project("{FAE04EC0-301F-11D3-BF4B-00C04F79EFBC}") = "RMon.ValuesExportImportService.Tests", "RMon.ValuesExportImportService.UnitTests\RMon.ValuesExportImportService.Tests\RMon.ValuesExportImportService.Tests.csproj", "{80F39D81-2594-4B07-BB9F-A415CAC952BC}"
EndProject
Global
	GlobalSection(SolutionConfigurationPlatforms) = preSolution
		Debug|Any CPU = Debug|Any CPU
		Release|Any CPU = Release|Any CPU
	EndGlobalSection
	GlobalSection(ProjectConfigurationPlatforms) = postSolution
		{E4906143-F05E-4022-80B1-9B3B9F833867}.Debug|Any CPU.ActiveCfg = Debug|Any CPU
		{E4906143-F05E-4022-80B1-9B3B9F833867}.Debug|Any CPU.Build.0 = Debug|Any CPU
		{E4906143-F05E-4022-80B1-9B3B9F833867}.Release|Any CPU.ActiveCfg = Release|Any CPU
		{E4906143-F05E-4022-80B1-9B3B9F833867}.Release|Any CPU.Build.0 = Release|Any CPU
		{A3D28C6E-A4D0-422C-B6AA-6F60C60B5B91}.Debug|Any CPU.ActiveCfg = Debug|Any CPU
		{A3D28C6E-A4D0-422C-B6AA-6F60C60B5B91}.Debug|Any CPU.Build.0 = Debug|Any CPU
		{A3D28C6E-A4D0-422C-B6AA-6F60C60B5B91}.Release|Any CPU.ActiveCfg = Release|Any CPU
		{A3D28C6E-A4D0-422C-B6AA-6F60C60B5B91}.Release|Any CPU.Build.0 = Release|Any CPU
		{80F39D81-2594-4B07-BB9F-A415CAC952BC}.Debug|Any CPU.ActiveCfg = Debug|Any CPU
		{80F39D81-2594-4B07-BB9F-A415CAC952BC}.Debug|Any CPU.Build.0 = Debug|Any CPU
		{80F39D81-2594-4B07-BB9F-A415CAC952BC}.Release|Any CPU.ActiveCfg = Release|Any CPU
		{80F39D81-2594-4B07-BB9F-A415CAC952BC}.Release|Any CPU.Build.0 = Release|Any CPU
	EndGlobalSection
	GlobalSection(SolutionProperties) = preSolution
		HideSolutionNode = FALSE
	EndGlobalSection
	GlobalSection(NestedProjects) = preSolution
		{A3D28C6E-A4D0-422C-B6AA-6F60C60B5B91} = {7A0E7015-06A7-4332-A304-E41135CD89C7}
		{80F39D81-2594-4B07-BB9F-A415CAC952BC} = {7A0E7015-06A7-4332-A304-E41135CD89C7}
	EndGlobalSection
	GlobalSection(ExtensibilityGlobals) = postSolution
		SolutionGuid = {43A0A680-42C3-405B-A929-160096917995}
	EndGlobalSection
EndGlobal
